
Microsoft Visual Studio Solution File, Format Version 12.00
# Visual Studio Version 17
VisualStudioVersion = 17.1.32319.34
MinimumVisualStudioVersion = 10.0.40219.1
Project("{FAE04EC0-301F-11D3-BF4B-00C04F79EFBC}") = "FunWithInterfaces", "FunWithInterfaces\FunWithInterfaces.csproj", "{C42A914A-0C1F-4B14-8399-7599534D683E}"
EndProject
Global
	GlobalSection(SolutionConfigurationPlatforms) = preSolution
		Debug|Any CPU = Debug|Any CPU
		Release|Any CPU = Release|Any CPU
	EndGlobalSection
	GlobalSection(ProjectConfigurationPlatforms) = postSolution
		{C42A914A-0C1F-4B14-8399-7599534D683E}.Debug|Any CPU.ActiveCfg = Debug|Any CPU
		{C42A914A-0C1F-4B14-8399-7599534D683E}.Debug|Any CPU.Build.0 = Debug|Any CPU
		{C42A914A-0C1F-4B14-8399-7599534D683E}.Release|Any CPU.ActiveCfg = Release|Any CPU
		{C42A914A-0C1F-4B14-8399-7599534D683E}.Release|Any CPU.Build.0 = Release|Any CPU
	EndGlobalSection
	GlobalSection(SolutionProperties) = preSolution
		HideSolutionNode = FALSE
	EndGlobalSection
	GlobalSection(ExtensibilityGlobals) = postSolution
		SolutionGuid = {2216C241-B1FB-4909-8F5D-3E1F76E7A284}
	EndGlobalSection
EndGlobal
